
Microsoft Visual Studio Solution File, Format Version 12.00
# Visual Studio 15
VisualStudioVersion = 15.0.27703.2035
MinimumVisualStudioVersion = 10.0.40219.1
Project("{FAE04EC0-301F-11D3-BF4B-00C04F79EFBC}") = "SirePluginDemo", "SirePluginDemo.csproj", "{3BF49691-7DAC-4151-9AB2-43CC62306116}"
EndProject
Global
	GlobalSection(SolutionConfigurationPlatforms) = preSolution
		Debug|Any CPU = Debug|Any CPU
		Release|Any CPU = Release|Any CPU
	EndGlobalSection
	GlobalSection(ProjectConfigurationPlatforms) = postSolution
		{3BF49691-7DAC-4151-9AB2-43CC62306116}.Debug|Any CPU.ActiveCfg = Debug|Any CPU
		{3BF49691-7DAC-4151-9AB2-43CC62306116}.Debug|Any CPU.Build.0 = Debug|Any CPU
		{3BF49691-7DAC-4151-9AB2-43CC62306116}.Release|Any CPU.ActiveCfg = Release|Any CPU
		{3BF49691-7DAC-4151-9AB2-43CC62306116}.Release|Any CPU.Build.0 = Release|Any CPU
	EndGlobalSection
	GlobalSection(SolutionProperties) = preSolution
		HideSolutionNode = FALSE
	EndGlobalSection
	GlobalSection(ExtensibilityGlobals) = postSolution
		SolutionGuid = {381A42B4-88D3-49B7-B872-05A974352E66}
	EndGlobalSection
EndGlobal
